
Microsoft Visual Studio Solution File, Format Version 12.00
# Visual Studio Version 17
VisualStudioVersion = 17.10.35027.167
MinimumVisualStudioVersion = 10.0.40219.1
Project("{FAE04EC0-301F-11D3-BF4B-00C04F79EFBC}") = "YYProject2", "YYProject2.csproj", "{60D70AD0-0F23-4B06-89DF-BF778382D866}"
EndProject
Global
	GlobalSection(SolutionConfigurationPlatforms) = preSolution
		Debug|Any CPU = Debug|Any CPU
		Release|Any CPU = Release|Any CPU
	EndGlobalSection
	GlobalSection(ProjectConfigurationPlatforms) = postSolution
		{60D70AD0-0F23-4B06-89DF-BF778382D866}.Debug|Any CPU.ActiveCfg = Debug|Any CPU
		{60D70AD0-0F23-4B06-89DF-BF778382D866}.Debug|Any CPU.Build.0 = Debug|Any CPU
		{60D70AD0-0F23-4B06-89DF-BF778382D866}.Release|Any CPU.ActiveCfg = Release|Any CPU
		{60D70AD0-0F23-4B06-89DF-BF778382D866}.Release|Any CPU.Build.0 = Release|Any CPU
	EndGlobalSection
	GlobalSection(SolutionProperties) = preSolution
		HideSolutionNode = FALSE
	EndGlobalSection
	GlobalSection(ExtensibilityGlobals) = postSolution
		SolutionGuid = {5C07BBFC-9184-4036-A48B-AECB0B132AB8}
	EndGlobalSection
EndGlobal
